// !$*UTF8*$!
{
	archiveVersion = 1;
	classes = {
	};
	objectVersion = 50;
	objects = {

/* Begin PBXBuildFile section */
		1A77F79E25D550C400C41BDD /* AppDelegate.swift in Sources */ = {isa = PBXBuildFile; fileRef = 1A77F79D25D550C400C41BDD /* AppDelegate.swift */; };
		1A77F7A025D550C400C41BDD /* SceneDelegate.swift in Sources */ = {isa = PBXBuildFile; fileRef = 1A77F79F25D550C400C41BDD /* SceneDelegate.swift */; };
		1A77F7A225D550C400C41BDD /* ViewController.swift in Sources */ = {isa = PBXBuildFile; fileRef = 1A77F7A125D550C400C41BDD /* ViewController.swift */; };
		1A77F7A525D550C400C41BDD /* Main.storyboard in Resources */ = {isa = PBXBuildFile; fileRef = 1A77F7A325D550C400C41BDD /* Main.storyboard */; };
		1A77F7A725D550C500C41BDD /* Assets.xcassets in Resources */ = {isa = PBXBuildFile; fileRef = 1A77F7A625D550C500C41BDD /* Assets.xcassets */; };
		1A77F7AA25D550C500C41BDD /* LaunchScreen.storyboard in Resources */ = {isa = PBXBuildFile; fileRef = 1A77F7A825D550C500C41BDD /* LaunchScreen.storyboard */; };
		1A77F7B525D550C500C41BDD /* QuizTests.swift in Sources */ = {isa = PBXBuildFile; fileRef = 1A77F7B425D550C500C41BDD /* QuizTests.swift */; };
		1A77F7C025D550C500C41BDD /* QuizUITests.swift in Sources */ = {isa = PBXBuildFile; fileRef = 1A77F7BF25D550C500C41BDD /* QuizUITests.swift */; };
		1A77F7D125D5517100C41BDD /* QuizViewController.swift in Sources */ = {isa = PBXBuildFile; fileRef = 1A77F7D025D5517100C41BDD /* QuizViewController.swift */; };
		1A77F7D725D5519400C41BDD /* ResultViewController.swift in Sources */ = {isa = PBXBuildFile; fileRef = 1A77F7D625D5519400C41BDD /* ResultViewController.swift */; };
		1A77F7DF25D5533C00C41BDD /* how_cal.jpg in Resources */ = {isa = PBXBuildFile; fileRef = 1A77F7DE25D5533C00C41BDD /* how_cal.jpg */; };
		1A77F7E425D5557000C41BDD /* ghibli_totoro.jpg in Resources */ = {isa = PBXBuildFile; fileRef = 1A77F7E325D5557000C41BDD /* ghibli_totoro.jpg */; };
/* End PBXBuildFile section */

/* Begin PBXContainerItemProxy section */
		1A77F7B125D550C500C41BDD /* PBXContainerItemProxy */ = {
			isa = PBXContainerItemProxy;
			containerPortal = 1A77F79225D550C400C41BDD /* Project object */;
			proxyType = 1;
			remoteGlobalIDString = 1A77F79925D550C400C41BDD;
			remoteInfo = Quiz;
		};
		1A77F7BC25D550C500C41BDD /* PBXContainerItemProxy */ = {
			isa = PBXContainerItemProxy;
			containerPortal = 1A77F79225D550C400C41BDD /* Project object */;
			proxyType = 1;
			remoteGlobalIDString = 1A77F79925D550C400C41BDD;
			remoteInfo = Quiz;
		};
/* End PBXContainerItemProxy section */

/* Begin PBXFileReference section */
		1A77F79A25D550C400C41BDD /* Quiz.app */ = {isa = PBXFileReference; explicitFileType = wrapper.application; includeInIndex = 0; path = Quiz.app; sourceTree = BUILT_PRODUCTS_DIR; };
		1A77F79D25D550C400C41BDD /* AppDelegate.swift */ = {isa = PBXFileReference; lastKnownFileType = sourcecode.swift; path = AppDelegate.swift; sourceTree = "<group>"; };
		1A77F79F25D550C400C41BDD /* SceneDelegate.swift */ = {isa = PBXFileReference; lastKnownFileType = sourcecode.swift; path = SceneDelegate.swift; sourceTree = "<group>"; };
		1A77F7A125D550C400C41BDD /* ViewController.swift */ = {isa = PBXFileReference; lastKnownFileType = sourcecode.swift; path = ViewController.swift; sourceTree = "<group>"; };
		1A77F7A425D550C400C41BDD /* Base */ = {isa = PBXFileReference; lastKnownFileType = file.storyboard; name = Base; path = Base.lproj/Main.storyboard; sourceTree = "<group>"; };
		1A77F7A625D550C500C41BDD /* Assets.xcassets */ = {isa = PBXFileReference; lastKnownFileType = folder.assetcatalog; path = Assets.xcassets; sourceTree = "<group>"; };
		1A77F7A925D550C500C41BDD /* Base */ = {isa = PBXFileReference; lastKnownFileType = file.storyboard; name = Base; path = Base.lproj/LaunchScreen.storyboard; sourceTree = "<group>"; };
		1A77F7AB25D550C500C41BDD /* Info.plist */ = {isa = PBXFileReference; lastKnownFileType = text.plist.xml; path = Info.plist; sourceTree = "<group>"; };
		1A77F7B025D550C500C41BDD /* QuizTests.xctest */ = {isa = PBXFileReference; explicitFileType = wrapper.cfbundle; includeInIndex = 0; path = QuizTests.xctest; sourceTree = BUILT_PRODUCTS_DIR; };
		1A77F7B425D550C500C41BDD /* QuizTests.swift */ = {isa = PBXFileReference; lastKnownFileType = sourcecode.swift; path = QuizTests.swift; sourceTree = "<group>"; };
		1A77F7B625D550C500C41BDD /* Info.plist */ = {isa = PBXFileReference; lastKnownFileType = text.plist.xml; path = Info.plist; sourceTree = "<group>"; };
		1A77F7BB25D550C500C41BDD /* QuizUITests.xctest */ = {isa = PBXFileReference; explicitFileType = wrapper.cfbundle; includeInIndex = 0; path = QuizUITests.xctest; sourceTree = BUILT_PRODUCTS_DIR; };
		1A77F7BF25D550C500C41BDD /* QuizUITests.swift */ = {isa = PBXFileReference; lastKnownFileType = sourcecode.swift; path = QuizUITests.swift; sourceTree = "<group>"; };
		1A77F7C125D550C500C41BDD /* Info.plist */ = {isa = PBXFileReference; lastKnownFileType = text.plist.xml; path = Info.plist; sourceTree = "<group>"; };
		1A77F7D025D5517100C41BDD /* QuizViewController.swift */ = {isa = PBXFileReference; lastKnownFileType = sourcecode.swift; path = QuizViewController.swift; sourceTree = "<group>"; };
		1A77F7D625D5519400C41BDD /* ResultViewController.swift */ = {isa = PBXFileReference; lastKnownFileType = sourcecode.swift; path = ResultViewController.swift; sourceTree = "<group>"; };
		1A77F7DE25D5533C00C41BDD /* how_cal.jpg */ = {isa = PBXFileReference; lastKnownFileType = image.jpeg; path = how_cal.jpg; sourceTree = "<group>"; };
		1A77F7E325D5557000C41BDD /* ghibli_totoro.jpg */ = {isa = PBXFileReference; lastKnownFileType = image.jpeg; path = ghibli_totoro.jpg; sourceTree = "<group>"; };
/* End PBXFileReference section */

/* Begin PBXFrameworksBuildPhase section */
		1A77F79725D550C400C41BDD /* Frameworks */ = {
			isa = PBXFrameworksBuildPhase;
			buildActionMask = 2147483647;
			files = (
			);
			runOnlyForDeploymentPostprocessing = 0;
		};
		1A77F7AD25D550C500C41BDD /* Frameworks */ = {
			isa = PBXFrameworksBuildPhase;
			buildActionMask = 2147483647;
			files = (
			);
			runOnlyForDeploymentPostprocessing = 0;
		};
		1A77F7B825D550C500C41BDD /* Frameworks */ = {
			isa = PBXFrameworksBuildPhase;
			buildActionMask = 2147483647;
			files = (
			);
			runOnlyForDeploymentPostprocessing = 0;
		};
/* End PBXFrameworksBuildPhase section */

/* Begin PBXGroup section */
		1A77F79125D550C400C41BDD = {
			isa = PBXGroup;
			children = (
				1A77F79C25D550C400C41BDD /* Quiz */,
				1A77F7B325D550C500C41BDD /* QuizTests */,
				1A77F7BE25D550C500C41BDD /* QuizUITests */,
				1A77F79B25D550C400C41BDD /* Products */,
			);
			sourceTree = "<group>";
		};
		1A77F79B25D550C400C41BDD /* Products */ = {
			isa = PBXGroup;
			children = (
				1A77F79A25D550C400C41BDD /* Quiz.app */,
				1A77F7B025D550C500C41BDD /* QuizTests.xctest */,
				1A77F7BB25D550C500C41BDD /* QuizUITests.xctest */,
			);
			name = Products;
			sourceTree = "<group>";
		};
		1A77F79C25D550C400C41BDD /* Quiz */ = {
			isa = PBXGroup;
			children = (
				1A77F7E325D5557000C41BDD /* ghibli_totoro.jpg */,
				1A77F7DE25D5533C00C41BDD /* how_cal.jpg */,
				1A77F79D25D550C400C41BDD /* AppDelegate.swift */,
				1A77F79F25D550C400C41BDD /* SceneDelegate.swift */,
				1A77F7A125D550C400C41BDD /* ViewController.swift */,
				1A77F7A325D550C400C41BDD /* Main.storyboard */,
				1A77F7A625D550C500C41BDD /* Assets.xcassets */,
				1A77F7A825D550C500C41BDD /* LaunchScreen.storyboard */,
				1A77F7AB25D550C500C41BDD /* Info.plist */,
				1A77F7D025D5517100C41BDD /* QuizViewController.swift */,
				1A77F7D625D5519400C41BDD /* ResultViewController.swift */,
			);
			path = Quiz;
			sourceTree = "<group>";
		};
		1A77F7B325D550C500C41BDD /* QuizTests */ = {
			isa = PBXGroup;
			children = (
				1A77F7B425D550C500C41BDD /* QuizTests.swift */,
				1A77F7B625D550C500C41BDD /* Info.plist */,
			);
			path = QuizTests;
			sourceTree = "<group>";
		};
		1A77F7BE25D550C500C41BDD /* QuizUITests */ = {
			isa = PBXGroup;
			children = (
				1A77F7BF25D550C500C41BDD /* QuizUITests.swift */,
				1A77F7C125D550C500C41BDD /* Info.plist */,
			);
			path = QuizUITests;
			sourceTree = "<group>";
		};
/* End PBXGroup section */

/* Begin PBXNativeTarget section */
		1A77F79925D550C400C41BDD /* Quiz */ = {
			isa = PBXNativeTarget;
			buildConfigurationList = 1A77F7C425D550C500C41BDD /* Build configuration list for PBXNativeTarget "Quiz" */;
			buildPhases = (
				1A77F79625D550C400C41BDD /* Sources */,
				1A77F79725D550C400C41BDD /* Frameworks */,
				1A77F79825D550C400C41BDD /* Resources */,
			);
			buildRules = (
			);
			dependencies = (
			);
			name = Quiz;
			productName = Quiz;
			productReference = 1A77F79A25D550C400C41BDD /* Quiz.app */;
			productType = "com.apple.product-type.application";
		};
		1A77F7AF25D550C500C41BDD /* QuizTests */ = {
			isa = PBXNativeTarget;
			buildConfigurationList = 1A77F7C725D550C500C41BDD /* Build configuration list for PBXNativeTarget "QuizTests" */;
			buildPhases = (
				1A77F7AC25D550C500C41BDD /* Sources */,
				1A77F7AD25D550C500C41BDD /* Frameworks */,
				1A77F7AE25D550C500C41BDD /* Resources */,
			);
			buildRules = (
			);
			dependencies = (
				1A77F7B225D550C500C41BDD /* PBXTargetDependency */,
			);
			name = QuizTests;
			productName = QuizTests;
			productReference = 1A77F7B025D550C500C41BDD /* QuizTests.xctest */;
			productType = "com.apple.product-type.bundle.unit-test";
		};
		1A77F7BA25D550C500C41BDD /* QuizUITests */ = {
			isa = PBXNativeTarget;
			buildConfigurationList = 1A77F7CA25D550C500C41BDD /* Build configuration list for PBXNativeTarget "QuizUITests" */;
			buildPhases = (
				1A77F7B725D550C500C41BDD /* Sources */,
				1A77F7B825D550C500C41BDD /* Frameworks */,
				1A77F7B925D550C500C41BDD /* Resources */,
			);
			buildRules = (
			);
			dependencies = (
				1A77F7BD25D550C500C41BDD /* PBXTargetDependency */,
			);
			name = QuizUITests;
			productName = QuizUITests;
			productReference = 1A77F7BB25D550C500C41BDD /* QuizUITests.xctest */;
			productType = "com.apple.product-type.bundle.ui-testing";
		};
/* End PBXNativeTarget section */

/* Begin PBXProject section */
		1A77F79225D550C400C41BDD /* Project object */ = {
			isa = PBXProject;
			attributes = {
				LastSwiftUpdateCheck = 1240;
				LastUpgradeCheck = 1240;
				TargetAttributes = {
					1A77F79925D550C400C41BDD = {
						CreatedOnToolsVersion = 12.4;
					};
					1A77F7AF25D550C500C41BDD = {
						CreatedOnToolsVersion = 12.4;
						TestTargetID = 1A77F79925D550C400C41BDD;
					};
					1A77F7BA25D550C500C41BDD = {
						CreatedOnToolsVersion = 12.4;
						TestTargetID = 1A77F79925D550C400C41BDD;
					};
				};
			};
			buildConfigurationList = 1A77F79525D550C400C41BDD /* Build configuration list for PBXProject "Quiz" */;
			compatibilityVersion = "Xcode 9.3";
			developmentRegion = en;
			hasScannedForEncodings = 0;
			knownRegions = (
				en,
				Base,
			);
			mainGroup = 1A77F79125D550C400C41BDD;
			productRefGroup = 1A77F79B25D550C400C41BDD /* Products */;
			projectDirPath = "";
			projectRoot = "";
			targets = (
				1A77F79925D550C400C41BDD /* Quiz */,
				1A77F7AF25D550C500C41BDD /* QuizTests */,
				1A77F7BA25D550C500C41BDD /* QuizUITests */,
			);
		};
/* End PBXProject section */

/* Begin PBXResourcesBuildPhase section */
		1A77F79825D550C400C41BDD /* Resources */ = {
			isa = PBXResourcesBuildPhase;
			buildActionMask = 2147483647;
			files = (
				1A77F7AA25D550C500C41BDD /* LaunchScreen.storyboard in Resources */,
				1A77F7E425D5557000C41BDD /* ghibli_totoro.jpg in Resources */,
				1A77F7A725D550C500C41BDD /* Assets.xcassets in Resources */,
				1A77F7A525D550C400C41BDD /* Main.storyboard in Resources */,
				1A77F7DF25D5533C00C41BDD /* how_cal.jpg in Resources */,
			);
			runOnlyForDeploymentPostprocessing = 0;
		};
		1A77F7AE25D550C500C41BDD /* Resources */ = {
			isa = PBXResourcesBuildPhase;
			buildActionMask = 2147483647;
			files = (
			);
			runOnlyForDeploymentPostprocessing = 0;
		};
		1A77F7B925D550C500C41BDD /* Resources */ = {
			isa = PBXResourcesBuildPhase;
			buildActionMask = 2147483647;
			files = (
			);
			runOnlyForDeploymentPostprocessing = 0;
		};
/* End PBXResourcesBuildPhase section */

/* Begin PBXSourcesBuildPhase section */
		1A77F79625D550C400C41BDD /* Sources */ = {
			isa = PBXSourcesBuildPhase;
			buildActionMask = 2147483647;
			files = (
				1A77F7D725D5519400C41BDD /* ResultViewController.swift in Sources */,
				1A77F7A225D550C400C41BDD /* ViewController.swift in Sources */,
				1A77F79E25D550C400C41BDD /* AppDelegate.swift in Sources */,
				1A77F7A025D550C400C41BDD /* SceneDelegate.swift in Sources */,
				1A77F7D125D5517100C41BDD /* QuizViewController.swift in Sources */,
			);
			runOnlyForDeploymentPostprocessing = 0;
		};
		1A77F7AC25D550C500C41BDD /* Sources */ = {
			isa = PBXSourcesBuildPhase;
			buildActionMask = 2147483647;
			files = (
				1A77F7B525D550C500C41BDD /* QuizTests.swift in Sources */,
			);
			runOnlyForDeploymentPostprocessing = 0;
		};
		1A77F7B725D550C500C41BDD /* Sources */ = {
			isa = PBXSourcesBuildPhase;
			buildActionMask = 2147483647;
			files = (
				1A77F7C025D550C500C41BDD /* QuizUITests.swift in Sources */,
			);
			runOnlyForDeploymentPostprocessing = 0;
		};
/* End PBXSourcesBuildPhase section */

/* Begin PBXTargetDependency section */
		1A77F7B225D550C500C41BDD /* PBXTargetDependency */ = {
			isa = PBXTargetDependency;
			target = 1A77F79925D550C400C41BDD /* Quiz */;
			targetProxy = 1A77F7B125D550C500C41BDD /* PBXContainerItemProxy */;
		};
		1A77F7BD25D550C500C41BDD /* PBXTargetDependency */ = {
			isa = PBXTargetDependency;
			target = 1A77F79925D550C400C41BDD /* Quiz */;
			targetProxy = 1A77F7BC25D550C500C41BDD /* PBXContainerItemProxy */;
		};
/* End PBXTargetDependency section */

/* Begin PBXVariantGroup section */
		1A77F7A325D550C400C41BDD /* Main.storyboard */ = {
			isa = PBXVariantGroup;
			children = (
				1A77F7A425D550C400C41BDD /* Base */,
			);
			name = Main.storyboard;
			sourceTree = "<group>";
		};
		1A77F7A825D550C500C41BDD /* LaunchScreen.storyboard */ = {
			isa = PBXVariantGroup;
			children = (
				1A77F7A925D550C500C41BDD /* Base */,
			);
			name = LaunchScreen.storyboard;
			sourceTree = "<group>";
		};
/* End PBXVariantGroup section */

/* Begin XCBuildConfiguration section */
		1A77F7C225D550C500C41BDD /* Debug */ = {
			isa = XCBuildConfiguration;
			buildSettings = {
				ALWAYS_SEARCH_USER_PATHS = NO;
				CLANG_ANALYZER_NONNULL = YES;
				CLANG_ANALYZER_NUMBER_OBJECT_CONVERSION = YES_AGGRESSIVE;
				CLANG_CXX_LANGUAGE_STANDARD = "gnu++14";
				CLANG_CXX_LIBRARY = "libc++";
				CLANG_ENABLE_MODULES = YES;
				CLANG_ENABLE_OBJC_ARC = YES;
				CLANG_ENABLE_OBJC_WEAK = YES;
				CLANG_WARN_BLOCK_CAPTURE_AUTORELEASING = YES;
				CLANG_WARN_BOOL_CONVERSION = YES;
				CLANG_WARN_COMMA = YES;
				CLANG_WARN_CONSTANT_CONVERSION = YES;
				CLANG_WARN_DEPRECATED_OBJC_IMPLEMENTATIONS = YES;
				CLANG_WARN_DIRECT_OBJC_ISA_USAGE = YES_ERROR;
				CLANG_WARN_DOCUMENTATION_COMMENTS = YES;
				CLANG_WARN_EMPTY_BODY = YES;
				CLANG_WARN_ENUM_CONVERSION = YES;
				CLANG_WARN_INFINITE_RECURSION = YES;
				CLANG_WARN_INT_CONVERSION = YES;
				CLANG_WARN_NON_LITERAL_NULL_CONVERSION = YES;
				CLANG_WARN_OBJC_IMPLICIT_RETAIN_SELF = YES;
				CLANG_WARN_OBJC_LITERAL_CONVERSION = YES;
				CLANG_WARN_OBJC_ROOT_CLASS = YES_ERROR;
				CLANG_WARN_QUOTED_INCLUDE_IN_FRAMEWORK_HEADER = YES;
				CLANG_WARN_RANGE_LOOP_ANALYSIS = YES;
				CLANG_WARN_STRICT_PROTOTYPES = YES;
				CLANG_WARN_SUSPICIOUS_MOVE = YES;
				CLANG_WARN_UNGUARDED_AVAILABILITY = YES_AGGRESSIVE;
				CLANG_WARN_UNREACHABLE_CODE = YES;
				CLANG_WARN__DUPLICATE_METHOD_MATCH = YES;
				COPY_PHASE_STRIP = NO;
				DEBUG_INFORMATION_FORMAT = dwarf;
				ENABLE_STRICT_OBJC_MSGSEND = YES;
				ENABLE_TESTABILITY = YES;
				GCC_C_LANGUAGE_STANDARD = gnu11;
				GCC_DYNAMIC_NO_PIC = NO;
				GCC_NO_COMMON_BLOCKS = YES;
				GCC_OPTIMIZATION_LEVEL = 0;
				GCC_PREPROCESSOR_DEFINITIONS = (
					"DEBUG=1",
					"$(inherited)",
				);
				GCC_WARN_64_TO_32_BIT_CONVERSION = YES;
				GCC_WARN_ABOUT_RETURN_TYPE = YES_ERROR;
				GCC_WARN_UNDECLARED_SELECTOR = YES;
				GCC_WARN_UNINITIALIZED_AUTOS = YES_AGGRESSIVE;
				GCC_WARN_UNUSED_FUNCTION = YES;
				GCC_WARN_UNUSED_VARIABLE = YES;
				IPHONEOS_DEPLOYMENT_TARGET = 14.4;
				MTL_ENABLE_DEBUG_INFO = INCLUDE_SOURCE;
				MTL_FAST_MATH = YES;
				ONLY_ACTIVE_ARCH = YES;
				SDKROOT = iphoneos;
				SWIFT_ACTIVE_COMPILATION_CONDITIONS = DEBUG;
				SWIFT_OPTIMIZATION_LEVEL = "-Onone";
			};
			name = Debug;
		};
		1A77F7C325D550C500C41BDD /* Release */ = {
			isa = XCBuildConfiguration;
			buildSettings = {
				ALWAYS_SEARCH_USER_PATHS = NO;
				CLANG_ANALYZER_NONNULL = YES;
				CLANG_ANALYZER_NUMBER_OBJECT_CONVERSION = YES_AGGRESSIVE;
				CLANG_CXX_LANGUAGE_STANDARD = "gnu++14";
				CLANG_CXX_LIBRARY = "libc++";
				CLANG_ENABLE_MODULES = YES;
				CLANG_ENABLE_OBJC_ARC = YES;
				CLANG_ENABLE_OBJC_WEAK = YES;
				CLANG_WARN_BLOCK_CAPTURE_AUTORELEASING = YES;
				CLANG_WARN_BOOL_CONVERSION = YES;
				CLANG_WARN_COMMA = YES;
				CLANG_WARN_CONSTANT_CONVERSION = YES;
				CLANG_WARN_DEPRECATED_OBJC_IMPLEMENTATIONS = YES;
				CLANG_WARN_DIRECT_OBJC_ISA_USAGE = YES_ERROR;
				CLANG_WARN_DOCUMENTATION_COMMENTS = YES;
				CLANG_WARN_EMPTY_BODY = YES;
				CLANG_WARN_ENUM_CONVERSION = YES;
				CLANG_WARN_INFINITE_RECURSION = YES;
				CLANG_WARN_INT_CONVERSION = YES;
				CLANG_WARN_NON_LITERAL_NULL_CONVERSION = YES;
				CLANG_WARN_OBJC_IMPLICIT_RETAIN_SELF = YES;
				CLANG_WARN_OBJC_LITERAL_CONVERSION = YES;
				CLANG_WARN_OBJC_ROOT_CLASS = YES_ERROR;
				CLANG_WARN_QUOTED_INCLUDE_IN_FRAMEWORK_HEADER = YES;
				CLANG_WARN_RANGE_LOOP_ANALYSIS = YES;
				CLANG_WARN_STRICT_PROTOTYPES = YES;
				CLANG_WARN_SUSPICIOUS_MOVE = YES;
				CLANG_WARN_UNGUARDED_AVAILABILITY = YES_AGGRESSIVE;
				CLANG_WARN_UNREACHABLE_CODE = YES;
				CLANG_WARN__DUPLICATE_METHOD_MATCH = YES;
				COPY_PHASE_STRIP = NO;
				DEBUG_INFORMATION_FORMAT = "dwarf-with-dsym";
				ENABLE_NS_ASSERTIONS = NO;
				ENABLE_STRICT_OBJC_MSGSEND = YES;
				GCC_C_LANGUAGE_STANDARD = gnu11;
				GCC_NO_COMMON_BLOCKS = YES;
				GCC_WARN_64_TO_32_BIT_CONVERSION = YES;
				GCC_WARN_ABOUT_RETURN_TYPE = YES_ERROR;
				GCC_WARN_UNDECLARED_SELECTOR = YES;
				GCC_WARN_UNINITIALIZED_AUTOS = YES_AGGRESSIVE;
				GCC_WARN_UNUSED_FUNCTION = YES;
				GCC_WARN_UNUSED_VARIABLE = YES;
				IPHONEOS_DEPLOYMENT_TARGET = 14.4;
				MTL_ENABLE_DEBUG_INFO = NO;
				MTL_FAST_MATH = YES;
				SDKROOT = iphoneos;
				SWIFT_COMPILATION_MODE = wholemodule;
				SWIFT_OPTIMIZATION_LEVEL = "-O";
				VALIDATE_PRODUCT = YES;
			};
			name = Release;
		};
		1A77F7C525D550C500C41BDD /* Debug */ = {
			isa = XCBuildConfiguration;
			buildSettings = {
				ASSETCATALOG_COMPILER_APPICON_NAME = AppIcon;
				ASSETCATALOG_COMPILER_GLOBAL_ACCENT_COLOR_NAME = AccentColor;
				CODE_SIGN_STYLE = Automatic;
				INFOPLIST_FILE = Quiz/Info.plist;
				LD_RUNPATH_SEARCH_PATHS = (
					"$(inherited)",
					"@executable_path/Frameworks",
				);
				PRODUCT_BUNDLE_IDENTIFIER = app.tatsui.nagiwo.Quiz;
				PRODUCT_NAME = "$(TARGET_NAME)";
				SWIFT_VERSION = 5.0;
				TARGETED_DEVICE_FAMILY = "1,2";
			};
			name = Debug;
		};
		1A77F7C625D550C500C41BDD /* Release */ = {
			isa = XCBuildConfiguration;
			buildSettings = {
				ASSETCATALOG_COMPILER_APPICON_NAME = AppIcon;
				ASSETCATALOG_COMPILER_GLOBAL_ACCENT_COLOR_NAME = AccentColor;
				CODE_SIGN_STYLE = Automatic;
				INFOPLIST_FILE = Quiz/Info.plist;
				LD_RUNPATH_SEARCH_PATHS = (
					"$(inherited)",
					"@executable_path/Frameworks",
				);
				PRODUCT_BUNDLE_IDENTIFIER = app.tatsui.nagiwo.Quiz;
				PRODUCT_NAME = "$(TARGET_NAME)";
				SWIFT_VERSION = 5.0;
				TARGETED_DEVICE_FAMILY = "1,2";
			};
			name = Release;
		};
		1A77F7C825D550C500C41BDD /* Debug */ = {
			isa = XCBuildConfiguration;
			buildSettings = {
				ALWAYS_EMBED_SWIFT_STANDARD_LIBRARIES = YES;
				BUNDLE_LOADER = "$(TEST_HOST)";
				CODE_SIGN_STYLE = Automatic;
				INFOPLIST_FILE = QuizTests/Info.plist;
				IPHONEOS_DEPLOYMENT_TARGET = 14.4;
				LD_RUNPATH_SEARCH_PATHS = (
					"$(inherited)",
					"@executable_path/Frameworks",
					"@loader_path/Frameworks",
				);
				PRODUCT_BUNDLE_IDENTIFIER = app.tatsui.nagiwo.QuizTests;
				PRODUCT_NAME = "$(TARGET_NAME)";
				SWIFT_VERSION = 5.0;
				TARGETED_DEVICE_FAMILY = "1,2";
				TEST_HOST = "$(BUILT_PRODUCTS_DIR)/Quiz.app/Quiz";
			};
			name = Debug;
		};
		1A77F7C925D550C500C41BDD /* Release */ = {
			isa = XCBuildConfiguration;
			buildSettings = {
				ALWAYS_EMBED_SWIFT_STANDARD_LIBRARIES = YES;
				BUNDLE_LOADER = "$(TEST_HOST)";
				CODE_SIGN_STYLE = Automatic;
				INFOPLIST_FILE = QuizTests/Info.plist;
				IPHONEOS_DEPLOYMENT_TARGET = 14.4;
				LD_RUNPATH_SEARCH_PATHS = (
					"$(inherited)",
					"@executable_path/Frameworks",
					"@loader_path/Frameworks",
				);
				PRODUCT_BUNDLE_IDENTIFIER = app.tatsui.nagiwo.QuizTests;
				PRODUCT_NAME = "$(TARGET_NAME)";
				SWIFT_VERSION = 5.0;
				TARGETED_DEVICE_FAMILY = "1,2";
				TEST_HOST = "$(BUILT_PRODUCTS_DIR)/Quiz.app/Quiz";
			};
			name = Release;
		};
		1A77F7CB25D550C500C41BDD /* Debug */ = {
			isa = XCBuildConfiguration;
			buildSettings = {
				ALWAYS_EMBED_SWIFT_STANDARD_LIBRARIES = YES;
				CODE_SIGN_STYLE = Automatic;
				INFOPLIST_FILE = QuizUITests/Info.plist;
				LD_RUNPATH_SEARCH_PATHS = (
					"$(inherited)",
					"@executable_path/Frameworks",
					"@loader_path/Frameworks",
				);
				PRODUCT_BUNDLE_IDENTIFIER = app.tatsui.nagiwo.QuizUITests;
				PRODUCT_NAME = "$(TARGET_NAME)";
				SWIFT_VERSION = 5.0;
				TARGETED_DEVICE_FAMILY = "1,2";
				TEST_TARGET_NAME = Quiz;
			};
			name = Debug;
		};
		1A77F7CC25D550C500C41BDD /* Release */ = {
			isa = XCBuildConfiguration;
			buildSettings = {
				ALWAYS_EMBED_SWIFT_STANDARD_LIBRARIES = YES;
				CODE_SIGN_STYLE = Automatic;
				INFOPLIST_FILE = QuizUITests/Info.plist;
				LD_RUNPATH_SEARCH_PATHS = (
					"$(inherited)",
					"@executable_path/Frameworks",
					"@loader_path/Frameworks",
				);
				PRODUCT_BUNDLE_IDENTIFIER = app.tatsui.nagiwo.QuizUITests;
				PRODUCT_NAME = "$(TARGET_NAME)";
				SWIFT_VERSION = 5.0;
				TARGETED_DEVICE_FAMILY = "1,2";
				TEST_TARGET_NAME = Quiz;
			};
			name = Release;
		};
/* End XCBuildConfiguration section */

/* Begin XCConfigurationList section */
		1A77F79525D550C400C41BDD /* Build configuration list for PBXProject "Quiz" */ = {
			isa = XCConfigurationList;
			buildConfigurations = (
				1A77F7C225D550C500C41BDD /* Debug */,
				1A77F7C325D550C500C41BDD /* Release */,
			);
			defaultConfigurationIsVisible = 0;
			defaultConfigurationName = Release;
		};
		1A77F7C425D550C500C41BDD /* Build configuration list for PBXNativeTarget "Quiz" */ = {
			isa = XCConfigurationList;
			buildConfigurations = (
				1A77F7C525D550C500C41BDD /* Debug */,
				1A77F7C625D550C500C41BDD /* Release */,
			);
			defaultConfigurationIsVisible = 0;
			defaultConfigurationName = Release;
		};
		1A77F7C725D550C500C41BDD /* Build configuration list for PBXNativeTarget "QuizTests" */ = {
			isa = XCConfigurationList;
			buildConfigurations = (
				1A77F7C825D550C500C41BDD /* Debug */,
				1A77F7C925D550C500C41BDD /* Release */,
			);
			defaultConfigurationIsVisible = 0;
			defaultConfigurationName = Release;
		};
		1A77F7CA25D550C500C41BDD /* Build configuration list for PBXNativeTarget "QuizUITests" */ = {
			isa = XCConfigurationList;
			buildConfigurations = (
				1A77F7CB25D550C500C41BDD /* Debug */,
				1A77F7CC25D550C500C41BDD /* Release */,
			);
			defaultConfigurationIsVisible = 0;
			defaultConfigurationName = Release;
		};
/* End XCConfigurationList section */
	};
	rootObject = 1A77F79225D550C400C41BDD /* Project object */;
}
